lockfileVersion: 1
package: stenography
version: 0.1.0
generatedBy: manual
policy: Commit lockfile changes with every apm.yml or .apm asset change.
includes:
  - path: .apm/instructions/context-budget-policy.instructions.md
  - path: .apm/skills/stenography-context-pack/
  - path: .apm/skills/stenography-repo-summary/
